<?xml version="1.0" encoding="utf-8"?>
<Project ToolsVersion="4.0" xmlns="http://schemas.microsoft.com/developer/msbuild/2003">
  <ItemGroup>
    <Filter Include="Source Files">
      <UniqueIdentifier>{4FC737F1-C7A5-4376-A066-2A32D752A2FF}</UniqueIdentifier>
      <Extensions>cpp;c;cc;cxx;c++;cppm;ixx;def;odl;idl;hpj;bat;asm;asmx</Extensions>
    </Filter>
    <Filter Include="Header Files">
      <UniqueIdentifier>{93995380-89BD-4b04-88EB-625FBE52EBFB}</UniqueIdentifier>
      <Extensions>h;hh;hpp;hxx;h++;hm;inl;inc;ipp;xsd</Extensions>
    </Filter>
    <Filter Include="Resource Files">
      <UniqueIdentifier>{67DA6AB6-F800-4c08-8B7A-83BB121AAD01}</UniqueIdentifier>
      <Extensions>rc;ico;cur;bmp;dlg;rc2;rct;bin;rgs;gif;jpg;jpeg;jpe;resx;tiff;tif;png;wav;mfcribbon-ms</Extensions>
    </Filter>
  </ItemGroup>
  <ItemGroup>
    <ClCompile Include="src\Main.cpp">
      <Filter>Source Files</Filter>
    </ClCompile>
    <ClCompile Include="src\glad.c">
      <Filter>Source Files</Filter>
    </ClCompile>
    <ClCompile Include="src\MgWindow.cpp">
      <Filter>Source Files</Filter>
    </ClCompile>
    <ClCompile Include="src\MgErrorHandler.cpp">
      <Filter>Source Files</Filter>
    </ClCompile>
    <ClCompile Include="src\MgMesh.cpp">
      <Filter>Source Files</Filter>
    </ClCompile>
    <ClCompile Include="src\MgInputHandler.cpp">
      <Filter>Source Files</Filter>
    </ClCompile>
    <ClCompile Include="src\MgMeshPresets.cpp">
      <Filter>Source Files</Filter>
    </ClCompile>
    <ClCompile Include="src\MgShader.cpp">
      <Filter>Source Files</Filter>
    </ClCompile>
    <ClCompile Include="src\MgMath.cpp">
      <Filter>Source Files</Filter>
    </ClCompile>
    <ClCompile Include="src\MgShaderPresets.cpp">
      <Filter>Source Files</Filter>
    </ClCompile>
    <ClCompile Include="src\MgUtils.cpp">
      <Filter>Source Files</Filter>
    </ClCompile>
    <ClCompile Include="src\MgTexture.cpp">
      <Filter>Source Files</Filter>
    </ClCompile>
    <ClCompile Include="src\MgRenderer.cpp">
      <Filter>Source Files</Filter>
    </ClCompile>
    <ClCompile Include="src\MgImageData.cpp">
      <Filter>Source Files</Filter>
    </ClCompile>
    <ClCompile Include="src\MgRenderable.cpp">
      <Filter>Source Files</Filter>
    </ClCompile>
    <ClCompile Include="src\MgRenderablePresets.cpp">
      <Filter>Source Files</Filter>
    </ClCompile>
    <ClCompile Include="src\MgGraphics.cpp">
      <Filter>Source Files</Filter>
    </ClCompile>
  </ItemGroup>
  <ItemGroup>
    <ClInclude Include="src\MgWindow.h">
      <Filter>Header Files</Filter>
    </ClInclude>
    <ClInclude Include="src\MgErrorHandler.h">
      <Filter>Header Files</Filter>
    </ClInclude>
    <ClInclude Include="src\Magnesium.h">
      <Filter>Header Files</Filter>
    </ClInclude>
    <ClInclude Include="src\MgMesh.h">
      <Filter>Header Files</Filter>
    </ClInclude>
    <ClInclude Include="src\MgInputHandler.h">
      <Filter>Header Files</Filter>
    </ClInclude>
    <ClInclude Include="src\MgMeshPresets.h">
      <Filter>Header Files</Filter>
    </ClInclude>
    <ClInclude Include="src\MgShader.h">
      <Filter>Header Files</Filter>
    </ClInclude>
    <ClInclude Include="src\MgMath.h">
      <Filter>Header Files</Filter>
    </ClInclude>
    <ClInclude Include="src\MgShaderPresets.h">
      <Filter>Header Files</Filter>
    </ClInclude>
    <ClInclude Include="src\MgUtils.h">
      <Filter>Header Files</Filter>
    </ClInclude>
    <ClInclude Include="src\MgTexture.h">
      <Filter>Header Files</Filter>
    </ClInclude>
    <ClInclude Include="src\MgImageData.h">
      <Filter>Header Files</Filter>
    </ClInclude>
    <ClInclude Include="src\MgRenderable.h">
      <Filter>Header Files</Filter>
    </ClInclude>
    <ClInclude Include="src\MgRenderer.h">
      <Filter>Header Files</Filter>
    </ClInclude>
    <ClInclude Include="src\MgRenderablePresets.h">
      <Filter>Header Files</Filter>
    </ClInclude>
    <ClInclude Include="src\MgGraphics.h">
      <Filter>Header Files</Filter>
    </ClInclude>
  </ItemGroup>
  <ItemGroup>
    <Image Include="assets\textures\container.jpg">
      <Filter>Resource Files</Filter>
    </Image>
  </ItemGroup>
</Project>